
Microsoft Visual Studio Solution File, Format Version 12.00
# Visual Studio 15
VisualStudioVersion = 15.0.27004.2005
MinimumVisualStudioVersion = 10.0.40219.1
Project("{FAE04EC0-301F-11D3-BF4B-00C04F79EFBC}") = "BikeRental", "BikeRental\BikeRental.csproj", "{316D3B02-9FE6-4918-B2BA-8E73B91AB7CC}"
EndProject
Project("{FAE04EC0-301F-11D3-BF4B-00C04F79EFBC}") = "BikeRental.Tests", "BikeRental.Tests\BikeRental.Tests.csproj", "{9BB38F87-F5BD-41BB-8292-4CB430939E2D}"
EndProject
Global
	GlobalSection(SolutionConfigurationPlatforms) = preSolution
		Debug|Any CPU = Debug|Any CPU
		Release|Any CPU = Release|Any CPU
	EndGlobalSection
	GlobalSection(ProjectConfigurationPlatforms) = postSolution
		{316D3B02-9FE6-4918-B2BA-8E73B91AB7CC}.Debug|Any CPU.ActiveCfg = Debug|Any CPU
		{316D3B02-9FE6-4918-B2BA-8E73B91AB7CC}.Debug|Any CPU.Build.0 = Debug|Any CPU
		{316D3B02-9FE6-4918-B2BA-8E73B91AB7CC}.Release|Any CPU.ActiveCfg = Release|Any CPU
		{316D3B02-9FE6-4918-B2BA-8E73B91AB7CC}.Release|Any CPU.Build.0 = Release|Any CPU
		{9BB38F87-F5BD-41BB-8292-4CB430939E2D}.Debug|Any CPU.ActiveCfg = Debug|Any CPU
		{9BB38F87-F5BD-41BB-8292-4CB430939E2D}.Debug|Any CPU.Build.0 = Debug|Any CPU
		{9BB38F87-F5BD-41BB-8292-4CB430939E2D}.Release|Any CPU.ActiveCfg = Release|Any CPU
		{9BB38F87-F5BD-41BB-8292-4CB430939E2D}.Release|Any CPU.Build.0 = Release|Any CPU
	EndGlobalSection
	GlobalSection(SolutionProperties) = preSolution
		HideSolutionNode = FALSE
	EndGlobalSection
	GlobalSection(ExtensibilityGlobals) = postSolution
		SolutionGuid = {F65846B0-27F2-4794-AFE1-75A5F3110BEB}
	EndGlobalSection
EndGlobal
